// !$*UTF8*$!
{
	archiveVersion = 1;
	classes = {
	};
	objectVersion = 77;
	objects = {

/* Begin PBXBuildFile section */
		7D58B4AD2F3CD2AB0058ED3C /* LingApp in Frameworks */ = {isa = PBXBuildFile; productRef = 7D58B4AC2F3CD2AB0058ED3C /* LingApp */; };
		7D58B4C02F3E23380058ED3C /* LingActionExtension.appex in Embed Foundation Extensions */ = {isa = PBXBuildFile; fileRef = 7D58B4B22F3E23370058ED3C /* LingActionExtension.appex */; settings = {ATTRIBUTES = (RemoveHeadersOnCopy, ); }; };
		7D58B4DE2F3E28120058ED3C /* LingExtension in Frameworks */ = {isa = PBXBuildFile; productRef = 7D58B4DD2F3E28120058ED3C /* LingExtension */; };
		7D58B4EB2F3F7CA10058ED3C /* LingTranslationExt.appex in Embed ExtensionKit Extensions */ = {isa = PBXBuildFile; fileRef = 7D58B4CE2F3E27B80058ED3C /* LingTranslationExt.appex */; settings = {ATTRIBUTES = (RemoveHeadersOnCopy, ); }; };
		7D58B4F22F3F86940058ED3C /* LingTranslationFeature in Frameworks */ = {isa = PBXBuildFile; productRef = 7D58B4F12F3F86940058ED3C /* LingTranslationFeature */; };
/* End PBXBuildFile section */

/* Begin PBXContainerItemProxy section */
		7D58B4BE2F3E23380058ED3C /* PBXContainerItemProxy */ = {
			isa = PBXContainerItemProxy;
			containerPortal = 7DE492732F233823006F90BA /* Project object */;
			proxyType = 1;
			remoteGlobalIDString = 7D58B4B12F3E23370058ED3C;
			remoteInfo = LingActionExtension;
		};
		7D58B4E32F3F7C7D0058ED3C /* PBXContainerItemProxy */ = {
			isa = PBXContainerItemProxy;
			containerPortal = 7DE492732F233823006F90BA /* Project object */;
			proxyType = 1;
			remoteGlobalIDString = 7D58B4CD2F3E27B80058ED3C;
			remoteInfo = TranslationExtension;
		};
		7D58B4E52F3F7C840058ED3C /* PBXContainerItemProxy */ = {
			isa = PBXContainerItemProxy;
			containerPortal = 7DE492732F233823006F90BA /* Project object */;
			proxyType = 1;
			remoteGlobalIDString = 7D58B4CD2F3E27B80058ED3C;
			remoteInfo = TranslationExtension;
		};
		7D58B4E72F3F7C890058ED3C /* PBXContainerItemProxy */ = {
			isa = PBXContainerItemProxy;
			containerPortal = 7DE492732F233823006F90BA /* Project object */;
			proxyType = 1;
			remoteGlobalIDString = 7D58B4B12F3E23370058ED3C;
			remoteInfo = LingActionExtension;
		};
		7D58B4EC2F3F7CA10058ED3C /* PBXContainerItemProxy */ = {
			isa = PBXContainerItemProxy;
			containerPortal = 7DE492732F233823006F90BA /* Project object */;
			proxyType = 1;
			remoteGlobalIDString = 7D58B4CD2F3E27B80058ED3C;
			remoteInfo = TranslationExtension;
		};
/* End PBXContainerItemProxy section */

/* Begin PBXCopyFilesBuildPhase section */
		7D58B4C52F3E23380058ED3C /* Embed Foundation Extensions */ = {
			isa = PBXCopyFilesBuildPhase;
			buildActionMask = 2147483647;
			dstPath = "";
			dstSubfolderSpec = 13;
			files = (
				7D58B4C02F3E23380058ED3C /* LingActionExtension.appex in Embed Foundation Extensions */,
			);
			name = "Embed Foundation Extensions";
			runOnlyForDeploymentPostprocessing = 0;
		};
		7D58B4EE2F3F7CA20058ED3C /* Embed ExtensionKit Extensions */ = {
			isa = PBXCopyFilesBuildPhase;
			buildActionMask = 2147483647;
			dstPath = "$(EXTENSIONS_FOLDER_PATH)";
			dstSubfolderSpec = 16;
			files = (
				7D58B4EB2F3F7CA10058ED3C /* LingTranslationExt.appex in Embed ExtensionKit Extensions */,
			);
			name = "Embed ExtensionKit Extensions";
			runOnlyForDeploymentPostprocessing = 0;
		};
/* End PBXCopyFilesBuildPhase section */

/* Begin PBXFileReference section */
		7D58B4B22F3E23370058ED3C /* LingActionExtension.appex */ = {isa = PBXFileReference; explicitFileType = "wrapper.app-extension"; includeInIndex = 0; path = LingActionExtension.appex; sourceTree = BUILT_PRODUCTS_DIR; };
		7D58B4B32F3E23370058ED3C /* UniformTypeIdentifiers.framework */ = {isa = PBXFileReference; lastKnownFileType = wrapper.framework; name = UniformTypeIdentifiers.framework; path = System/Library/Frameworks/UniformTypeIdentifiers.framework; sourceTree = SDKROOT; };
		7D58B4CE2F3E27B80058ED3C /* LingTranslationExt.appex */ = {isa = PBXFileReference; explicitFileType = "wrapper.extensionkit-extension"; includeInIndex = 0; path = LingTranslationExt.appex; sourceTree = BUILT_PRODUCTS_DIR; };
		7DE4927B2F233823006F90BA /* Ling.app */ = {isa = PBXFileReference; explicitFileType = wrapper.application; includeInIndex = 0; path = Ling.app; sourceTree = BUILT_PRODUCTS_DIR; };
		DDD0002F2C253C0060FFFF /* LingPackage */ = {isa = PBXFileReference; lastKnownFileType = folder; path = LingPackage; sourceTree = SOURCE_ROOT; };
/* End PBXFileReference section */

/* Begin PBXFileSystemSynchronizedBuildFileExceptionSet section */
		7D58B4C12F3E23380058ED3C /* Exceptions for "LingActionExtension" folder in "LingActionExtension" target */ = {
			isa = PBXFileSystemSynchronizedBuildFileExceptionSet;
			membershipExceptions = (
				Info.plist,
			);
			target = 7D58B4B12F3E23370058ED3C /* LingActionExtension */;
		};
		7D58B4D62F3E27B80058ED3C /* Exceptions for "LingTranslationFeature" folder in "LingTranslationExt" target */ = {
			isa = PBXFileSystemSynchronizedBuildFileExceptionSet;
			membershipExceptions = (
				Info.plist,
			);
			target = 7D58B4CD2F3E27B80058ED3C /* LingTranslationExt */;
		};
/* End PBXFileSystemSynchronizedBuildFileExceptionSet section */

/* Begin PBXFileSystemSynchronizedRootGroup section */
		7D58B4B52F3E23380058ED3C /* LingActionExtension */ = {
			isa = PBXFileSystemSynchronizedRootGroup;
			exceptions = (
				7D58B4C12F3E23380058ED3C /* Exceptions for "LingActionExtension" folder in "LingActionExtension" target */,
			);
			path = LingActionExtension;
			sourceTree = "<group>";
		};
		7D58B4CF2F3E27B80058ED3C /* LingTranslationFeature */ = {
			isa = PBXFileSystemSynchronizedRootGroup;
			exceptions = (
				7D58B4D62F3E27B80058ED3C /* Exceptions for "LingTranslationFeature" folder in "LingTranslationExt" target */,
			);
			path = LingTranslationFeature;
			sourceTree = "<group>";
		};
		7DE4927D2F233823006F90BA /* Ling */ = {
			isa = PBXFileSystemSynchronizedRootGroup;
			path = Ling;
			sourceTree = "<group>";
		};
/* End PBXFileSystemSynchronizedRootGroup section */

/* Begin PBXFrameworksBuildPhase section */
		7D58B4AF2F3E23370058ED3C /* Frameworks */ = {
			isa = PBXFrameworksBuildPhase;
			buildActionMask = 2147483647;
			files = (
				7D58B4DE2F3E28120058ED3C /* LingExtension in Frameworks */,
			);
			runOnlyForDeploymentPostprocessing = 0;
		};
		7D58B4CB2F3E27B80058ED3C /* Frameworks */ = {
			isa = PBXFrameworksBuildPhase;
			buildActionMask = 2147483647;
			files = (
				7D58B4F22F3F86940058ED3C /* LingTranslationFeature in Frameworks */,
			);
			runOnlyForDeploymentPostprocessing = 0;
		};
		7DE492782F233823006F90BA /* Frameworks */ = {
			isa = PBXFrameworksBuildPhase;
			buildActionMask = 2147483647;
			files = (
				7D58B4AD2F3CD2AB0058ED3C /* LingApp in Frameworks */,
			);
			runOnlyForDeploymentPostprocessing = 0;
		};
/* End PBXFrameworksBuildPhase section */

/* Begin PBXGroup section */
		7D58B4AB2F3CD2AB0058ED3C /* Frameworks */ = {
			isa = PBXGroup;
			children = (
				7D58B4B32F3E23370058ED3C /* UniformTypeIdentifiers.framework */,
			);
			name = Frameworks;
			sourceTree = "<group>";
		};
		7DE492722F233823006F90BA = {
			isa = PBXGroup;
			children = (
				7DE4927D2F233823006F90BA /* Ling */,
				DDD0002F2C253C0060FFFF /* LingPackage */,
				7D58B4B52F3E23380058ED3C /* LingActionExtension */,
				7D58B4CF2F3E27B80058ED3C /* LingTranslationFeature */,
				7D58B4AB2F3CD2AB0058ED3C /* Frameworks */,
				7DE4927C2F233823006F90BA /* Products */,
			);
			sourceTree = "<group>";
		};
		7DE4927C2F233823006F90BA /* Products */ = {
			isa = PBXGroup;
			children = (
				7DE4927B2F233823006F90BA /* Ling.app */,
				7D58B4B22F3E23370058ED3C /* LingActionExtension.appex */,
				7D58B4CE2F3E27B80058ED3C /* LingTranslationExt.appex */,
			);
			name = Products;
			sourceTree = "<group>";
		};
/* End PBXGroup section */

/* Begin PBXNativeTarget section */
		7D58B4B12F3E23370058ED3C /* LingActionExtension */ = {
			isa = PBXNativeTarget;
			buildConfigurationList = 7D58B4C22F3E23380058ED3C /* Build configuration list for PBXNativeTarget "LingActionExtension" */;
			buildPhases = (
				7D58B4AE2F3E23370058ED3C /* Sources */,
				7D58B4AF2F3E23370058ED3C /* Frameworks */,
				7D58B4B02F3E23370058ED3C /* Resources */,
			);
			buildRules = (
			);
			dependencies = (
			);
			fileSystemSynchronizedGroups = (
				7D58B4B52F3E23380058ED3C /* LingActionExtension */,
			);
			name = LingActionExtension;
			packageProductDependencies = (
				7D58B4DD2F3E28120058ED3C /* LingExtension */,
			);
			productName = LingActionExtension;
			productReference = 7D58B4B22F3E23370058ED3C /* LingActionExtension.appex */;
			productType = "com.apple.product-type.app-extension";
		};
		7D58B4CD2F3E27B80058ED3C /* LingTranslationExt */ = {
			isa = PBXNativeTarget;
			buildConfigurationList = 7D58B4D72F3E27B80058ED3C /* Build configuration list for PBXNativeTarget "LingTranslationExt" */;
			buildPhases = (
				7D58B4CA2F3E27B80058ED3C /* Sources */,
				7D58B4CB2F3E27B80058ED3C /* Frameworks */,
				7D58B4CC2F3E27B80058ED3C /* Resources */,
			);
			buildRules = (
			);
			dependencies = (
			);
			fileSystemSynchronizedGroups = (
				7D58B4CF2F3E27B80058ED3C /* LingTranslationFeature */,
			);
			name = LingTranslationExt;
			packageProductDependencies = (
				7D58B4F12F3F86940058ED3C /* LingTranslationFeature */,
			);
			productName = LingTranslationProvider;
			productReference = 7D58B4CE2F3E27B80058ED3C /* LingTranslationExt.appex */;
			productType = "com.apple.product-type.extensionkit-extension";
		};
		7DE4927A2F233823006F90BA /* Ling */ = {
			isa = PBXNativeTarget;
			buildConfigurationList = 7DE492862F233824006F90BA /* Build configuration list for PBXNativeTarget "Ling" */;
			buildPhases = (
				7DE492772F233823006F90BA /* Sources */,
				7DE492782F233823006F90BA /* Frameworks */,
				7DE492792F233823006F90BA /* Resources */,
				7D58B4C52F3E23380058ED3C /* Embed Foundation Extensions */,
				7D58B4EE2F3F7CA20058ED3C /* Embed ExtensionKit Extensions */,
			);
			buildRules = (
			);
			dependencies = (
				7D58B4BF2F3E23380058ED3C /* PBXTargetDependency */,
				7D58B4E42F3F7C7D0058ED3C /* PBXTargetDependency */,
				7D58B4E62F3F7C840058ED3C /* PBXTargetDependency */,
				7D58B4E82F3F7C890058ED3C /* PBXTargetDependency */,
				7D58B4ED2F3F7CA10058ED3C /* PBXTargetDependency */,
			);
			fileSystemSynchronizedGroups = (
				7DE4927D2F233823006F90BA /* Ling */,
			);
			name = Ling;
			packageProductDependencies = (
				7D58B4AC2F3CD2AB0058ED3C /* LingApp */,
			);
			productName = Ling;
			productReference = 7DE4927B2F233823006F90BA /* Ling.app */;
			productType = "com.apple.product-type.application";
		};
/* End PBXNativeTarget section */

/* Begin PBXProject section */
		7DE492732F233823006F90BA /* Project object */ = {
			isa = PBXProject;
			attributes = {
				BuildIndependentTargetsInParallel = 1;
				KnownAssetTags = (
					New,
				);
				LastSwiftUpdateCheck = 2620;
				LastUpgradeCheck = 2620;
				TargetAttributes = {
					7D58B4B12F3E23370058ED3C = {
						CreatedOnToolsVersion = 26.2;
					};
					7D58B4CD2F3E27B80058ED3C = {
						CreatedOnToolsVersion = 26.2;
					};
					7DE4927A2F233823006F90BA = {
						CreatedOnToolsVersion = 26.2;
					};
				};
			};
			buildConfigurationList = 7DE492762F233823006F90BA /* Build configuration list for PBXProject "Ling" */;
			developmentRegion = en;
			hasScannedForEncodings = 0;
			knownRegions = (
				en,
				Base,
			);
			mainGroup = 7DE492722F233823006F90BA;
			minimizedProjectReferenceProxies = 1;
			preferredProjectObjectVersion = 77;
			productRefGroup = 7DE4927C2F233823006F90BA /* Products */;
			projectDirPath = "";
			projectRoot = "";
			targets = (
				7DE4927A2F233823006F90BA /* Ling */,
				7D58B4B12F3E23370058ED3C /* LingActionExtension */,
				7D58B4CD2F3E27B80058ED3C /* LingTranslationExt */,
			);
		};
/* End PBXProject section */

/* Begin PBXResourcesBuildPhase section */
		7D58B4B02F3E23370058ED3C /* Resources */ = {
			isa = PBXResourcesBuildPhase;
			buildActionMask = 2147483647;
			files = (
			);
			runOnlyForDeploymentPostprocessing = 0;
		};
		7D58B4CC2F3E27B80058ED3C /* Resources */ = {
			isa = PBXResourcesBuildPhase;
			buildActionMask = 2147483647;
			files = (
			);
			runOnlyForDeploymentPostprocessing = 0;
		};
		7DE492792F233823006F90BA /* Resources */ = {
			isa = PBXResourcesBuildPhase;
			buildActionMask = 2147483647;
			files = (
			);
			runOnlyForDeploymentPostprocessing = 0;
		};
/* End PBXResourcesBuildPhase section */

/* Begin PBXSourcesBuildPhase section */
		7D58B4AE2F3E23370058ED3C /* Sources */ = {
			isa = PBXSourcesBuildPhase;
			buildActionMask = 2147483647;
			files = (
			);
			runOnlyForDeploymentPostprocessing = 0;
		};
		7D58B4CA2F3E27B80058ED3C /* Sources */ = {
			isa = PBXSourcesBuildPhase;
			buildActionMask = 2147483647;
			files = (
			);
			runOnlyForDeploymentPostprocessing = 0;
		};
		7DE492772F233823006F90BA /* Sources */ = {
			isa = PBXSourcesBuildPhase;
			buildActionMask = 2147483647;
			files = (
			);
			runOnlyForDeploymentPostprocessing = 0;
		};
/* End PBXSourcesBuildPhase section */

/* Begin PBXTargetDependency section */
		7D58B4BF2F3E23380058ED3C /* PBXTargetDependency */ = {
			isa = PBXTargetDependency;
			target = 7D58B4B12F3E23370058ED3C /* LingActionExtension */;
			targetProxy = 7D58B4BE2F3E23380058ED3C /* PBXContainerItemProxy */;
		};
		7D58B4E42F3F7C7D0058ED3C /* PBXTargetDependency */ = {
			isa = PBXTargetDependency;
			target = 7D58B4CD2F3E27B80058ED3C /* LingTranslationExt */;
			targetProxy = 7D58B4E32F3F7C7D0058ED3C /* PBXContainerItemProxy */;
		};
		7D58B4E62F3F7C840058ED3C /* PBXTargetDependency */ = {
			isa = PBXTargetDependency;
			target = 7D58B4CD2F3E27B80058ED3C /* LingTranslationExt */;
			targetProxy = 7D58B4E52F3F7C840058ED3C /* PBXContainerItemProxy */;
		};
		7D58B4E82F3F7C890058ED3C /* PBXTargetDependency */ = {
			isa = PBXTargetDependency;
			target = 7D58B4B12F3E23370058ED3C /* LingActionExtension */;
			targetProxy = 7D58B4E72F3F7C890058ED3C /* PBXContainerItemProxy */;
		};
		7D58B4ED2F3F7CA10058ED3C /* PBXTargetDependency */ = {
			isa = PBXTargetDependency;
			target = 7D58B4CD2F3E27B80058ED3C /* LingTranslationExt */;
			targetProxy = 7D58B4EC2F3F7CA10058ED3C /* PBXContainerItemProxy */;
		};
/* End PBXTargetDependency section */

/* Begin XCBuildConfiguration section */
		7D58B4C32F3E23380058ED3C /* Debug */ = {
			isa = XCBuildConfiguration;
			buildSettings = {
				CODE_SIGN_STYLE = Automatic;
				CURRENT_PROJECT_VERSION = 1;
				DEVELOPMENT_TEAM = SS32DM34LS;
				GENERATE_INFOPLIST_FILE = YES;
				INFOPLIST_FILE = LingActionExtension/Info.plist;
				INFOPLIST_KEY_CFBundleDisplayName = LingActionExtension;
				INFOPLIST_KEY_NSHumanReadableCopyright = "";
				LD_RUNPATH_SEARCH_PATHS = (
					"$(inherited)",
					"@executable_path/Frameworks",
					"@executable_path/../../Frameworks",
				);
				MARKETING_VERSION = 1.0;
				PRODUCT_BUNDLE_IDENTIFIER = com.mingchen.Ling.LingActionExtension;
				PRODUCT_NAME = "$(TARGET_NAME)";
				SKIP_INSTALL = YES;
				STRING_CATALOG_GENERATE_SYMBOLS = YES;
				SUPPORTED_PLATFORMS = "iphoneos iphonesimulator";
				SUPPORTS_MACCATALYST = NO;
				SUPPORTS_MAC_DESIGNED_FOR_IPHONE_IPAD = NO;
				SUPPORTS_XR_DESIGNED_FOR_IPHONE_IPAD = NO;
				SWIFT_APPROACHABLE_CONCURRENCY = YES;
				SWIFT_EMIT_LOC_STRINGS = YES;
				SWIFT_UPCOMING_FEATURE_MEMBER_IMPORT_VISIBILITY = YES;
				SWIFT_VERSION = 5.0;
				TARGETED_DEVICE_FAMILY = "1,2";
			};
			name = Debug;
		};
		7D58B4C42F3E23380058ED3C /* Release */ = {
			isa = XCBuildConfiguration;
			buildSettings = {
				CODE_SIGN_STYLE = Automatic;
				CURRENT_PROJECT_VERSION = 1;
				DEVELOPMENT_TEAM = SS32DM34LS;
				GENERATE_INFOPLIST_FILE = YES;
				INFOPLIST_FILE = LingActionExtension/Info.plist;
				INFOPLIST_KEY_CFBundleDisplayName = LingActionExtension;
				INFOPLIST_KEY_NSHumanReadableCopyright = "";
				LD_RUNPATH_SEARCH_PATHS = (
					"$(inherited)",
					"@executable_path/Frameworks",
					"@executable_path/../../Frameworks",
				);
				MARKETING_VERSION = 1.0;
				PRODUCT_BUNDLE_IDENTIFIER = com.mingchen.Ling.LingActionExtension;
				PRODUCT_NAME = "$(TARGET_NAME)";
				SKIP_INSTALL = YES;
				STRING_CATALOG_GENERATE_SYMBOLS = YES;
				SUPPORTED_PLATFORMS = "iphoneos iphonesimulator";
				SUPPORTS_MACCATALYST = NO;
				SUPPORTS_MAC_DESIGNED_FOR_IPHONE_IPAD = NO;
				SUPPORTS_XR_DESIGNED_FOR_IPHONE_IPAD = NO;
				SWIFT_APPROACHABLE_CONCURRENCY = YES;
				SWIFT_EMIT_LOC_STRINGS = YES;
				SWIFT_UPCOMING_FEATURE_MEMBER_IMPORT_VISIBILITY = YES;
				SWIFT_VERSION = 5.0;
				TARGETED_DEVICE_FAMILY = "1,2";
			};
			name = Release;
		};
		7D58B4D82F3E27B80058ED3C /* Debug */ = {
			isa = XCBuildConfiguration;
			buildSettings = {
				CODE_SIGN_STYLE = Automatic;
				CURRENT_PROJECT_VERSION = 1;
				DEVELOPMENT_TEAM = SS32DM34LS;
				GENERATE_INFOPLIST_FILE = YES;
				INFOPLIST_FILE = LingTranslationFeature/Info.plist;
				INFOPLIST_KEY_CFBundleDisplayName = LingTranslationProvider;
				INFOPLIST_KEY_NSHumanReadableCopyright = "";
				LD_RUNPATH_SEARCH_PATHS = (
					"$(inherited)",
					"@executable_path/Frameworks",
					"@executable_path/../../Frameworks",
				);
				MARKETING_VERSION = 1.0;
				PRODUCT_BUNDLE_IDENTIFIER = com.mingchen.Ling.LingTranslationProvider;
				PRODUCT_MODULE_NAME = "$(TARGET_NAME)";
				PRODUCT_NAME = "$(TARGET_NAME)";
				SKIP_INSTALL = YES;
				STRING_CATALOG_GENERATE_SYMBOLS = YES;
				SUPPORTED_PLATFORMS = "iphoneos iphonesimulator";
				SUPPORTS_MACCATALYST = NO;
				SUPPORTS_MAC_DESIGNED_FOR_IPHONE_IPAD = NO;
				SUPPORTS_XR_DESIGNED_FOR_IPHONE_IPAD = NO;
				SWIFT_APPROACHABLE_CONCURRENCY = YES;
				SWIFT_EMIT_LOC_STRINGS = YES;
				SWIFT_UPCOMING_FEATURE_MEMBER_IMPORT_VISIBILITY = YES;
				SWIFT_VERSION = 5.0;
				TARGETED_DEVICE_FAMILY = "1,2";
			};
			name = Debug;
		};
		7D58B4D92F3E27B80058ED3C /* Release */ = {
			isa = XCBuildConfiguration;
			buildSettings = {
				CODE_SIGN_STYLE = Automatic;
				CURRENT_PROJECT_VERSION = 1;
				DEVELOPMENT_TEAM = SS32DM34LS;
				GENERATE_INFOPLIST_FILE = YES;
				INFOPLIST_FILE = LingTranslationFeature/Info.plist;
				INFOPLIST_KEY_CFBundleDisplayName = LingTranslationProvider;
				INFOPLIST_KEY_NSHumanReadableCopyright = "";
				LD_RUNPATH_SEARCH_PATHS = (
					"$(inherited)",
					"@executable_path/Frameworks",
					"@executable_path/../../Frameworks",
				);
				MARKETING_VERSION = 1.0;
				PRODUCT_BUNDLE_IDENTIFIER = com.mingchen.Ling.LingTranslationProvider;
				PRODUCT_MODULE_NAME = "$(TARGET_NAME)";
				PRODUCT_NAME = "$(TARGET_NAME)";
				SKIP_INSTALL = YES;
				STRING_CATALOG_GENERATE_SYMBOLS = YES;
				SUPPORTED_PLATFORMS = "iphoneos iphonesimulator";
				SUPPORTS_MACCATALYST = NO;
				SUPPORTS_MAC_DESIGNED_FOR_IPHONE_IPAD = NO;
				SUPPORTS_XR_DESIGNED_FOR_IPHONE_IPAD = NO;
				SWIFT_APPROACHABLE_CONCURRENCY = YES;
				SWIFT_EMIT_LOC_STRINGS = YES;
				SWIFT_UPCOMING_FEATURE_MEMBER_IMPORT_VISIBILITY = YES;
				SWIFT_VERSION = 5.0;
				TARGETED_DEVICE_FAMILY = "1,2";
			};
			name = Release;
		};
		7DE492842F233824006F90BA /* Debug */ = {
			isa = XCBuildConfiguration;
			buildSettings = {
				ALWAYS_SEARCH_USER_PATHS = NO;
				ASSETCATALOG_COMPILER_GENERATE_SWIFT_ASSET_SYMBOL_EXTENSIONS = YES;
				CLANG_ANALYZER_NONNULL = YES;
				CLANG_ANALYZER_NUMBER_OBJECT_CONVERSION = YES_AGGRESSIVE;
				CLANG_CXX_LANGUAGE_STANDARD = "gnu++20";
				CLANG_ENABLE_MODULES = YES;
				CLANG_ENABLE_OBJC_ARC = YES;
				CLANG_ENABLE_OBJC_WEAK = YES;
				CLANG_WARN_BLOCK_CAPTURE_AUTORELEASING = YES;
				CLANG_WARN_BOOL_CONVERSION = YES;
				CLANG_WARN_COMMA = YES;
				CLANG_WARN_CONSTANT_CONVERSION = YES;
				CLANG_WARN_DEPRECATED_OBJC_IMPLEMENTATIONS = YES;
				CLANG_WARN_DIRECT_OBJC_ISA_USAGE = YES_ERROR;
				CLANG_WARN_DOCUMENTATION_COMMENTS = YES;
				CLANG_WARN_EMPTY_BODY = YES;
				CLANG_WARN_ENUM_CONVERSION = YES;
				CLANG_WARN_INFINITE_RECURSION = YES;
				CLANG_WARN_INT_CONVERSION = YES;
				CLANG_WARN_NON_LITERAL_NULL_CONVERSION = YES;
				CLANG_WARN_OBJC_IMPLICIT_RETAIN_SELF = YES;
				CLANG_WARN_OBJC_LITERAL_CONVERSION = YES;
				CLANG_WARN_OBJC_ROOT_CLASS = YES_ERROR;
				CLANG_WARN_QUOTED_INCLUDE_IN_FRAMEWORK_HEADER = YES;
				CLANG_WARN_RANGE_LOOP_ANALYSIS = YES;
				CLANG_WARN_STRICT_PROTOTYPES = YES;
				CLANG_WARN_SUSPICIOUS_MOVE = YES;
				CLANG_WARN_UNGUARDED_AVAILABILITY = YES_AGGRESSIVE;
				CLANG_WARN_UNREACHABLE_CODE = YES;
				CLANG_WARN__DUPLICATE_METHOD_MATCH = YES;
				COPY_PHASE_STRIP = NO;
				DEBUG_INFORMATION_FORMAT = dwarf;
				DEVELOPMENT_TEAM = SS32DM34LS;
				ENABLE_STRICT_OBJC_MSGSEND = YES;
				ENABLE_TESTABILITY = YES;
				ENABLE_USER_SCRIPT_SANDBOXING = YES;
				GCC_C_LANGUAGE_STANDARD = gnu17;
				GCC_DYNAMIC_NO_PIC = NO;
				GCC_NO_COMMON_BLOCKS = YES;
				GCC_OPTIMIZATION_LEVEL = 0;
				GCC_PREPROCESSOR_DEFINITIONS = (
					"DEBUG=1",
					"$(inherited)",
				);
				GCC_WARN_64_TO_32_BIT_CONVERSION = YES;
				GCC_WARN_ABOUT_RETURN_TYPE = YES_ERROR;
				GCC_WARN_UNDECLARED_SELECTOR = YES;
				GCC_WARN_UNINITIALIZED_AUTOS = YES_AGGRESSIVE;
				GCC_WARN_UNUSED_FUNCTION = YES;
				GCC_WARN_UNUSED_VARIABLE = YES;
				IPHONEOS_DEPLOYMENT_TARGET = 26.2;
				LOCALIZATION_PREFERS_STRING_CATALOGS = YES;
				MTL_ENABLE_DEBUG_INFO = INCLUDE_SOURCE;
				MTL_FAST_MATH = YES;
				ONLY_ACTIVE_ARCH = YES;
				SDKROOT = iphoneos;
				SWIFT_ACTIVE_COMPILATION_CONDITIONS = "DEBUG $(inherited)";
				SWIFT_OPTIMIZATION_LEVEL = "-Onone";
			};
			name = Debug;
		};
		7DE492852F233824006F90BA /* Release */ = {
			isa = XCBuildConfiguration;
			buildSettings = {
				ALWAYS_SEARCH_USER_PATHS = NO;
				ASSETCATALOG_COMPILER_GENERATE_SWIFT_ASSET_SYMBOL_EXTENSIONS = YES;
				CLANG_ANALYZER_NONNULL = YES;
				CLANG_ANALYZER_NUMBER_OBJECT_CONVERSION = YES_AGGRESSIVE;
				CLANG_CXX_LANGUAGE_STANDARD = "gnu++20";
				CLANG_ENABLE_MODULES = YES;
				CLANG_ENABLE_OBJC_ARC = YES;
				CLANG_ENABLE_OBJC_WEAK = YES;
				CLANG_WARN_BLOCK_CAPTURE_AUTORELEASING = YES;
				CLANG_WARN_BOOL_CONVERSION = YES;
				CLANG_WARN_COMMA = YES;
				CLANG_WARN_CONSTANT_CONVERSION = YES;
				CLANG_WARN_DEPRECATED_OBJC_IMPLEMENTATIONS = YES;
				CLANG_WARN_DIRECT_OBJC_ISA_USAGE = YES_ERROR;
				CLANG_WARN_DOCUMENTATION_COMMENTS = YES;
				CLANG_WARN_EMPTY_BODY = YES;
				CLANG_WARN_ENUM_CONVERSION = YES;
				CLANG_WARN_INFINITE_RECURSION = YES;
				CLANG_WARN_INT_CONVERSION = YES;
				CLANG_WARN_NON_LITERAL_NULL_CONVERSION = YES;
				CLANG_WARN_OBJC_IMPLICIT_RETAIN_SELF = YES;
				CLANG_WARN_OBJC_LITERAL_CONVERSION = YES;
				CLANG_WARN_OBJC_ROOT_CLASS = YES_ERROR;
				CLANG_WARN_QUOTED_INCLUDE_IN_FRAMEWORK_HEADER = YES;
				CLANG_WARN_RANGE_LOOP_ANALYSIS = YES;
				CLANG_WARN_STRICT_PROTOTYPES = YES;
				CLANG_WARN_SUSPICIOUS_MOVE = YES;
				CLANG_WARN_UNGUARDED_AVAILABILITY = YES_AGGRESSIVE;
				CLANG_WARN_UNREACHABLE_CODE = YES;
				CLANG_WARN__DUPLICATE_METHOD_MATCH = YES;
				COPY_PHASE_STRIP = NO;
				DEBUG_INFORMATION_FORMAT = "dwarf-with-dsym";
				DEVELOPMENT_TEAM = SS32DM34LS;
				ENABLE_NS_ASSERTIONS = NO;
				ENABLE_STRICT_OBJC_MSGSEND = YES;
				ENABLE_USER_SCRIPT_SANDBOXING = YES;
				GCC_C_LANGUAGE_STANDARD = gnu17;
				GCC_NO_COMMON_BLOCKS = YES;
				GCC_WARN_64_TO_32_BIT_CONVERSION = YES;
				GCC_WARN_ABOUT_RETURN_TYPE = YES_ERROR;
				GCC_WARN_UNDECLARED_SELECTOR = YES;
				GCC_WARN_UNINITIALIZED_AUTOS = YES_AGGRESSIVE;
				GCC_WARN_UNUSED_FUNCTION = YES;
				GCC_WARN_UNUSED_VARIABLE = YES;
				IPHONEOS_DEPLOYMENT_TARGET = 26.2;
				LOCALIZATION_PREFERS_STRING_CATALOGS = YES;
				MTL_ENABLE_DEBUG_INFO = NO;
				MTL_FAST_MATH = YES;
				SDKROOT = iphoneos;
				SWIFT_COMPILATION_MODE = wholemodule;
				VALIDATE_PRODUCT = YES;
			};
			name = Release;
		};
		7DE492872F233824006F90BA /* Debug */ = {
			isa = XCBuildConfiguration;
			buildSettings = {
				ASSETCATALOG_COMPILER_APPICON_NAME = AppIcon;
				ASSETCATALOG_COMPILER_GLOBAL_ACCENT_COLOR_NAME = AccentColor;
				CODE_SIGN_ENTITLEMENTS = Ling/Ling.entitlements;
				CODE_SIGN_STYLE = Automatic;
				CURRENT_PROJECT_VERSION = 1;
				DEVELOPMENT_TEAM = SS32DM34LS;
				ENABLE_PREVIEWS = YES;
				GENERATE_INFOPLIST_FILE = YES;
				INFOPLIST_KEY_UIApplicationSceneManifest_Generation = YES;
				INFOPLIST_KEY_UIApplicationSupportsIndirectInputEvents = YES;
				INFOPLIST_KEY_UILaunchScreen_Generation = YES;
				INFOPLIST_KEY_UISupportedInterfaceOrientations_iPad = "UIInterfaceOrientationPortrait UIInterfaceOrientationPortraitUpsideDown UIInterfaceOrientationLandscapeLeft UIInterfaceOrientationLandscapeRight";
				INFOPLIST_KEY_UISupportedInterfaceOrientations_iPhone = "UIInterfaceOrientationPortrait UIInterfaceOrientationLandscapeLeft UIInterfaceOrientationLandscapeRight";
				IPHONEOS_DEPLOYMENT_TARGET = 18.6;
				LD_RUNPATH_SEARCH_PATHS = (
					"$(inherited)",
					"@executable_path/Frameworks",
				);
				MARKETING_VERSION = 1.0;
				PRODUCT_BUNDLE_IDENTIFIER = com.mingchen.Ling;
				PRODUCT_NAME = "$(TARGET_NAME)";
				STRING_CATALOG_GENERATE_SYMBOLS = YES;
				SUPPORTED_PLATFORMS = "iphoneos iphonesimulator";
				SUPPORTS_MACCATALYST = NO;
				SUPPORTS_MAC_DESIGNED_FOR_IPHONE_IPAD = NO;
				SUPPORTS_XR_DESIGNED_FOR_IPHONE_IPAD = NO;
				SWIFT_APPROACHABLE_CONCURRENCY = YES;
				SWIFT_DEFAULT_ACTOR_ISOLATION = MainActor;
				SWIFT_EMIT_LOC_STRINGS = YES;
				SWIFT_UPCOMING_FEATURE_MEMBER_IMPORT_VISIBILITY = YES;
				SWIFT_VERSION = 5.0;
				TARGETED_DEVICE_FAMILY = "1,2";
			};
			name = Debug;
		};
		7DE492882F233824006F90BA /* Release */ = {
			isa = XCBuildConfiguration;
			buildSettings = {
				ASSETCATALOG_COMPILER_APPICON_NAME = AppIcon;
				ASSETCATALOG_COMPILER_GLOBAL_ACCENT_COLOR_NAME = AccentColor;
				CODE_SIGN_ENTITLEMENTS = Ling/Ling.entitlements;
				CODE_SIGN_STYLE = Automatic;
				CURRENT_PROJECT_VERSION = 1;
				DEVELOPMENT_TEAM = SS32DM34LS;
				ENABLE_PREVIEWS = YES;
				GENERATE_INFOPLIST_FILE = YES;
				INFOPLIST_KEY_UIApplicationSceneManifest_Generation = YES;
				INFOPLIST_KEY_UIApplicationSupportsIndirectInputEvents = YES;
				INFOPLIST_KEY_UILaunchScreen_Generation = YES;
				INFOPLIST_KEY_UISupportedInterfaceOrientations_iPad = "UIInterfaceOrientationPortrait UIInterfaceOrientationPortraitUpsideDown UIInterfaceOrientationLandscapeLeft UIInterfaceOrientationLandscapeRight";
				INFOPLIST_KEY_UISupportedInterfaceOrientations_iPhone = "UIInterfaceOrientationPortrait UIInterfaceOrientationLandscapeLeft UIInterfaceOrientationLandscapeRight";
				IPHONEOS_DEPLOYMENT_TARGET = 18.6;
				LD_RUNPATH_SEARCH_PATHS = (
					"$(inherited)",
					"@executable_path/Frameworks",
				);
				MARKETING_VERSION = 1.0;
				PRODUCT_BUNDLE_IDENTIFIER = com.mingchen.Ling;
				PRODUCT_NAME = "$(TARGET_NAME)";
				STRING_CATALOG_GENERATE_SYMBOLS = YES;
				SUPPORTED_PLATFORMS = "iphoneos iphonesimulator";
				SUPPORTS_MACCATALYST = NO;
				SUPPORTS_MAC_DESIGNED_FOR_IPHONE_IPAD = NO;
				SUPPORTS_XR_DESIGNED_FOR_IPHONE_IPAD = NO;
				SWIFT_APPROACHABLE_CONCURRENCY = YES;
				SWIFT_DEFAULT_ACTOR_ISOLATION = MainActor;
				SWIFT_EMIT_LOC_STRINGS = YES;
				SWIFT_UPCOMING_FEATURE_MEMBER_IMPORT_VISIBILITY = YES;
				SWIFT_VERSION = 5.0;
				TARGETED_DEVICE_FAMILY = "1,2";
			};
			name = Release;
		};
/* End XCBuildConfiguration section */

/* Begin XCConfigurationList section */
		7D58B4C22F3E23380058ED3C /* Build configuration list for PBXNativeTarget "LingActionExtension" */ = {
			isa = XCConfigurationList;
			buildConfigurations = (
				7D58B4C32F3E23380058ED3C /* Debug */,
				7D58B4C42F3E23380058ED3C /* Release */,
			);
			defaultConfigurationIsVisible = 0;
			defaultConfigurationName = Release;
		};
		7D58B4D72F3E27B80058ED3C /* Build configuration list for PBXNativeTarget "LingTranslationExt" */ = {
			isa = XCConfigurationList;
			buildConfigurations = (
				7D58B4D82F3E27B80058ED3C /* Debug */,
				7D58B4D92F3E27B80058ED3C /* Release */,
			);
			defaultConfigurationIsVisible = 0;
			defaultConfigurationName = Release;
		};
		7DE492762F233823006F90BA /* Build configuration list for PBXProject "Ling" */ = {
			isa = XCConfigurationList;
			buildConfigurations = (
				7DE492842F233824006F90BA /* Debug */,
				7DE492852F233824006F90BA /* Release */,
			);
			defaultConfigurationIsVisible = 0;
			defaultConfigurationName = Release;
		};
		7DE492862F233824006F90BA /* Build configuration list for PBXNativeTarget "Ling" */ = {
			isa = XCConfigurationList;
			buildConfigurations = (
				7DE492872F233824006F90BA /* Debug */,
				7DE492882F233824006F90BA /* Release */,
			);
			defaultConfigurationIsVisible = 0;
			defaultConfigurationName = Release;
		};
/* End XCConfigurationList section */

/* Begin XCSwiftPackageProductDependency section */
		7D58B4AC2F3CD2AB0058ED3C /* LingApp */ = {
			isa = XCSwiftPackageProductDependency;
			productName = LingApp;
		};
		7D58B4DD2F3E28120058ED3C /* LingExtension */ = {
			isa = XCSwiftPackageProductDependency;
			productName = LingExtension;
		};
		7D58B4F12F3F86940058ED3C /* LingTranslationFeature */ = {
			isa = XCSwiftPackageProductDependency;
			productName = LingTranslationFeature;
		};
/* End XCSwiftPackageProductDependency section */
	};
	rootObject = 7DE492732F233823006F90BA /* Project object */;
}
